
Microsoft Visual Studio Solution File, Format Version 12.00
# Visual Studio Version 17
VisualStudioVersion = 17.11.35219.272
MinimumVisualStudioVersion = 10.0.40219.1
Project("{FAE04EC0-301F-11D3-BF4B-00C04F79EFBC}") = "DotNet", "DotNet\DotNet.csproj", "{0482C0A7-56D6-4CF2-9FC3-08D7A30D5E45}"
EndProject
Global
	GlobalSection(SolutionConfigurationPlatforms) = preSolution
		Debug|Any CPU = Debug|Any CPU
		Release|Any CPU = Release|Any CPU
	EndGlobalSection
	GlobalSection(ProjectConfigurationPlatforms) = postSolution
		{0482C0A7-56D6-4CF2-9FC3-08D7A30D5E45}.Debug|Any CPU.ActiveCfg = Debug|Any CPU
		{0482C0A7-56D6-4CF2-9FC3-08D7A30D5E45}.Debug|Any CPU.Build.0 = Debug|Any CPU
		{0482C0A7-56D6-4CF2-9FC3-08D7A30D5E45}.Release|Any CPU.ActiveCfg = Release|Any CPU
		{0482C0A7-56D6-4CF2-9FC3-08D7A30D5E45}.Release|Any CPU.Build.0 = Release|Any CPU
	EndGlobalSection
	GlobalSection(SolutionProperties) = preSolution
		HideSolutionNode = FALSE
	EndGlobalSection
	GlobalSection(ExtensibilityGlobals) = postSolution
		SolutionGuid = {88BB5ACF-54AE-466B-8C53-E5AA253C29D3}
	EndGlobalSection
EndGlobal
